// !$*UTF8*$!
{
	archiveVersion = 1;
	classes = {
	};
	objectVersion = 56;
	objects = {

/* Begin PBXBuildFile section */
		3C5E997A2ADAC3B500EE4394 /* AudioToTextPlayerApp.swift in Sources */ = {isa = PBXBuildFile; fileRef = 3C5E99792ADAC3B500EE4394 /* AudioToTextPlayerApp.swift */; };
		3C5E997C2ADAC3B500EE4394 /* ContentView.swift in Sources */ = {isa = PBXBuildFile; fileRef = 3C5E997B2ADAC3B500EE4394 /* ContentView.swift */; };
		3C5E997E2ADAC3B700EE4394 /* Assets.xcassets in Resources */ = {isa = PBXBuildFile; fileRef = 3C5E997D2ADAC3B700EE4394 /* Assets.xcassets */; };
		3C5E99822ADAC3B700EE4394 /* Preview Assets.xcassets in Resources */ = {isa = PBXBuildFile; fileRef = 3C5E99812ADAC3B700EE4394 /* Preview Assets.xcassets */; };
		3C5E998C2ADAC3B700EE4394 /* AudioToTextPlayerTests.swift in Sources */ = {isa = PBXBuildFile; fileRef = 3C5E998B2ADAC3B700EE4394 /* AudioToTextPlayerTests.swift */; };
		3C5E99962ADAC3B800EE4394 /* AudioToTextPlayerUITests.swift in Sources */ = {isa = PBXBuildFile; fileRef = 3C5E99952ADAC3B800EE4394 /* AudioToTextPlayerUITests.swift */; };
		3C5E99982ADAC3B800EE4394 /* AudioToTextPlayerUITestsLaunchTests.swift in Sources */ = {isa = PBXBuildFile; fileRef = 3C5E99972ADAC3B800EE4394 /* AudioToTextPlayerUITestsLaunchTests.swift */; };
/* End PBXBuildFile section */

/* Begin PBXContainerItemProxy section */
		3C5E99882ADAC3B700EE4394 /* PBXContainerItemProxy */ = {
			isa = PBXContainerItemProxy;
			containerPortal = 3C5E996E2ADAC3B500EE4394 /* Project object */;
			proxyType = 1;
			remoteGlobalIDString = 3C5E99752ADAC3B500EE4394;
			remoteInfo = AudioToTextPlayer;
		};
		3C5E99922ADAC3B700EE4394 /* PBXContainerItemProxy */ = {
			isa = PBXContainerItemProxy;
			containerPortal = 3C5E996E2ADAC3B500EE4394 /* Project object */;
			proxyType = 1;
			remoteGlobalIDString = 3C5E99752ADAC3B500EE4394;
			remoteInfo = AudioToTextPlayer;
		};
/* End PBXContainerItemProxy section */

/* Begin PBXFileReference section */
		3C5E99762ADAC3B500EE4394 /* AudioToTextPlayer.app */ = {isa = PBXFileReference; explicitFileType = wrapper.application; includeInIndex = 0; path = AudioToTextPlayer.app; sourceTree = BUILT_PRODUCTS_DIR; };
		3C5E99792ADAC3B500EE4394 /* AudioToTextPlayerApp.swift */ = {isa = PBXFileReference; lastKnownFileType = sourcecode.swift; path = AudioToTextPlayerApp.swift; sourceTree = "<group>"; };
		3C5E997B2ADAC3B500EE4394 /* ContentView.swift */ = {isa = PBXFileReference; lastKnownFileType = sourcecode.swift; path = ContentView.swift; sourceTree = "<group>"; };
		3C5E997D2ADAC3B700EE4394 /* Assets.xcassets */ = {isa = PBXFileReference; lastKnownFileType = folder.assetcatalog; path = Assets.xcassets; sourceTree = "<group>"; };
		3C5E997F2ADAC3B700EE4394 /* AudioToTextPlayer.entitlements */ = {isa = PBXFileReference; lastKnownFileType = text.plist.entitlements; path = AudioToTextPlayer.entitlements; sourceTree = "<group>"; };
		3C5E99812ADAC3B700EE4394 /* Preview Assets.xcassets */ = {isa = PBXFileReference; lastKnownFileType = folder.assetcatalog; path = "Preview Assets.xcassets"; sourceTree = "<group>"; };
		3C5E99872ADAC3B700EE4394 /* AudioToTextPlayerTests.xctest */ = {isa = PBXFileReference; explicitFileType = wrapper.cfbundle; includeInIndex = 0; path = AudioToTextPlayerTests.xctest; sourceTree = BUILT_PRODUCTS_DIR; };
		3C5E998B2ADAC3B700EE4394 /* AudioToTextPlayerTests.swift */ = {isa = PBXFileReference; lastKnownFileType = sourcecode.swift; path = AudioToTextPlayerTests.swift; sourceTree = "<group>"; };
		3C5E99912ADAC3B700EE4394 /* AudioToTextPlayerUITests.xctest */ = {isa = PBXFileReference; explicitFileType = wrapper.cfbundle; includeInIndex = 0; path = AudioToTextPlayerUITests.xctest; sourceTree = BUILT_PRODUCTS_DIR; };
		3C5E99952ADAC3B800EE4394 /* AudioToTextPlayerUITests.swift */ = {isa = PBXFileReference; lastKnownFileType = sourcecode.swift; path = AudioToTextPlayerUITests.swift; sourceTree = "<group>"; };
		3C5E99972ADAC3B800EE4394 /* AudioToTextPlayerUITestsLaunchTests.swift */ = {isa = PBXFileReference; lastKnownFileType = sourcecode.swift; path = AudioToTextPlayerUITestsLaunchTests.swift; sourceTree = "<group>"; };
/* End PBXFileReference section */

/* Begin PBXFrameworksBuildPhase section */
		3C5E99732ADAC3B500EE4394 /* Frameworks */ = {
			isa = PBXFrameworksBuildPhase;
			buildActionMask = 2147483647;
			files = (
			);
			runOnlyForDeploymentPostprocessing = 0;
		};
		3C5E99842ADAC3B700EE4394 /* Frameworks */ = {
			isa = PBXFrameworksBuildPhase;
			buildActionMask = 2147483647;
			files = (
			);
			runOnlyForDeploymentPostprocessing = 0;
		};
		3C5E998E2ADAC3B700EE4394 /* Frameworks */ = {
			isa = PBXFrameworksBuildPhase;
			buildActionMask = 2147483647;
			files = (
			);
			runOnlyForDeploymentPostprocessing = 0;
		};
/* End PBXFrameworksBuildPhase section */

/* Begin PBXGroup section */
		3C5E996D2ADAC3B500EE4394 = {
			isa = PBXGroup;
			children = (
				3C5E99782ADAC3B500EE4394 /* AudioToTextPlayer */,
				3C5E998A2ADAC3B700EE4394 /* AudioToTextPlayerTests */,
				3C5E99942ADAC3B700EE4394 /* AudioToTextPlayerUITests */,
				3C5E99772ADAC3B500EE4394 /* Products */,
			);
			sourceTree = "<group>";
		};
		3C5E99772ADAC3B500EE4394 /* Products */ = {
			isa = PBXGroup;
			children = (
				3C5E99762ADAC3B500EE4394 /* AudioToTextPlayer.app */,
				3C5E99872ADAC3B700EE4394 /* AudioToTextPlayerTests.xctest */,
				3C5E99912ADAC3B700EE4394 /* AudioToTextPlayerUITests.xctest */,
			);
			name = Products;
			sourceTree = "<group>";
		};
		3C5E99782ADAC3B500EE4394 /* AudioToTextPlayer */ = {
			isa = PBXGroup;
			children = (
				3C5E99792ADAC3B500EE4394 /* AudioToTextPlayerApp.swift */,
				3C5E997B2ADAC3B500EE4394 /* ContentView.swift */,
				3C5E997D2ADAC3B700EE4394 /* Assets.xcassets */,
				3C5E997F2ADAC3B700EE4394 /* AudioToTextPlayer.entitlements */,
				3C5E99802ADAC3B700EE4394 /* Preview Content */,
			);
			path = AudioToTextPlayer;
			sourceTree = "<group>";
		};
		3C5E99802ADAC3B700EE4394 /* Preview Content */ = {
			isa = PBXGroup;
			children = (
				3C5E99812ADAC3B700EE4394 /* Preview Assets.xcassets */,
			);
			path = "Preview Content";
			sourceTree = "<group>";
		};
		3C5E998A2ADAC3B700EE4394 /* AudioToTextPlayerTests */ = {
			isa = PBXGroup;
			children = (
				3C5E998B2ADAC3B700EE4394 /* AudioToTextPlayerTests.swift */,
			);
			path = AudioToTextPlayerTests;
			sourceTree = "<group>";
		};
		3C5E99942ADAC3B700EE4394 /* AudioToTextPlayerUITests */ = {
			isa = PBXGroup;
			children = (
				3C5E99952ADAC3B800EE4394 /* AudioToTextPlayerUITests.swift */,
				3C5E99972ADAC3B800EE4394 /* AudioToTextPlayerUITestsLaunchTests.swift */,
			);
			path = AudioToTextPlayerUITests;
			sourceTree = "<group>";
		};
/* End PBXGroup section */

/* Begin PBXNativeTarget section */
		3C5E99752ADAC3B500EE4394 /* AudioToTextPlayer */ = {
			isa = PBXNativeTarget;
			buildConfigurationList = 3C5E999B2ADAC3B800EE4394 /* Build configuration list for PBXNativeTarget "AudioToTextPlayer" */;
			buildPhases = (
				3C5E99722ADAC3B500EE4394 /* Sources */,
				3C5E99732ADAC3B500EE4394 /* Frameworks */,
				3C5E99742ADAC3B500EE4394 /* Resources */,
			);
			buildRules = (
			);
			dependencies = (
			);
			name = AudioToTextPlayer;
			productName = AudioToTextPlayer;
			productReference = 3C5E99762ADAC3B500EE4394 /* AudioToTextPlayer.app */;
			productType = "com.apple.product-type.application";
		};
		3C5E99862ADAC3B700EE4394 /* AudioToTextPlayerTests */ = {
			isa = PBXNativeTarget;
			buildConfigurationList = 3C5E999E2ADAC3B800EE4394 /* Build configuration list for PBXNativeTarget "AudioToTextPlayerTests" */;
			buildPhases = (
				3C5E99832ADAC3B700EE4394 /* Sources */,
				3C5E99842ADAC3B700EE4394 /* Frameworks */,
				3C5E99852ADAC3B700EE4394 /* Resources */,
			);
			buildRules = (
			);
			dependencies = (
				3C5E99892ADAC3B700EE4394 /* PBXTargetDependency */,
			);
			name = AudioToTextPlayerTests;
			productName = AudioToTextPlayerTests;
			productReference = 3C5E99872ADAC3B700EE4394 /* AudioToTextPlayerTests.xctest */;
			productType = "com.apple.product-type.bundle.unit-test";
		};
		3C5E99902ADAC3B700EE4394 /* AudioToTextPlayerUITests */ = {
			isa = PBXNativeTarget;
			buildConfigurationList = 3C5E99A12ADAC3B800EE4394 /* Build configuration list for PBXNativeTarget "AudioToTextPlayerUITests" */;
			buildPhases = (
				3C5E998D2ADAC3B700EE4394 /* Sources */,
				3C5E998E2ADAC3B700EE4394 /* Frameworks */,
				3C5E998F2ADAC3B700EE4394 /* Resources */,
			);
			buildRules = (
			);
			dependencies = (
				3C5E99932ADAC3B700EE4394 /* PBXTargetDependency */,
			);
			name = AudioToTextPlayerUITests;
			productName = AudioToTextPlayerUITests;
			productReference = 3C5E99912ADAC3B700EE4394 /* AudioToTextPlayerUITests.xctest */;
			productType = "com.apple.product-type.bundle.ui-testing";
		};
/* End PBXNativeTarget section */

/* Begin PBXProject section */
		3C5E996E2ADAC3B500EE4394 /* Project object */ = {
			isa = PBXProject;
			attributes = {
				BuildIndependentTargetsInParallel = 1;
				LastSwiftUpdateCheck = 1500;
				LastUpgradeCheck = 1500;
				TargetAttributes = {
					3C5E99752ADAC3B500EE4394 = {
						CreatedOnToolsVersion = 15.0;
					};
					3C5E99862ADAC3B700EE4394 = {
						CreatedOnToolsVersion = 15.0;
						TestTargetID = 3C5E99752ADAC3B500EE4394;
					};
					3C5E99902ADAC3B700EE4394 = {
						CreatedOnToolsVersion = 15.0;
						TestTargetID = 3C5E99752ADAC3B500EE4394;
					};
				};
			};
			buildConfigurationList = 3C5E99712ADAC3B500EE4394 /* Build configuration list for PBXProject "AudioToTextPlayer" */;
			compatibilityVersion = "Xcode 14.0";
			developmentRegion = en;
			hasScannedForEncodings = 0;
			knownRegions = (
				en,
				Base,
			);
			mainGroup = 3C5E996D2ADAC3B500EE4394;
			productRefGroup = 3C5E99772ADAC3B500EE4394 /* Products */;
			projectDirPath = "";
			projectRoot = "";
			targets = (
				3C5E99752ADAC3B500EE4394 /* AudioToTextPlayer */,
				3C5E99862ADAC3B700EE4394 /* AudioToTextPlayerTests */,
				3C5E99902ADAC3B700EE4394 /* AudioToTextPlayerUITests */,
			);
		};
/* End PBXProject section */

/* Begin PBXResourcesBuildPhase section */
		3C5E99742ADAC3B500EE4394 /* Resources */ = {
			isa = PBXResourcesBuildPhase;
			buildActionMask = 2147483647;
			files = (
				3C5E99822ADAC3B700EE4394 /* Preview Assets.xcassets in Resources */,
				3C5E997E2ADAC3B700EE4394 /* Assets.xcassets in Resources */,
			);
			runOnlyForDeploymentPostprocessing = 0;
		};
		3C5E99852ADAC3B700EE4394 /* Resources */ = {
			isa = PBXResourcesBuildPhase;
			buildActionMask = 2147483647;
			files = (
			);
			runOnlyForDeploymentPostprocessing = 0;
		};
		3C5E998F2ADAC3B700EE4394 /* Resources */ = {
			isa = PBXResourcesBuildPhase;
			buildActionMask = 2147483647;
			files = (
			);
			runOnlyForDeploymentPostprocessing = 0;
		};
/* End PBXResourcesBuildPhase section */

/* Begin PBXSourcesBuildPhase section */
		3C5E99722ADAC3B500EE4394 /* Sources */ = {
			isa = PBXSourcesBuildPhase;
			buildActionMask = 2147483647;
			files = (
				3C5E997C2ADAC3B500EE4394 /* ContentView.swift in Sources */,
				3C5E997A2ADAC3B500EE4394 /* AudioToTextPlayerApp.swift in Sources */,
			);
			runOnlyForDeploymentPostprocessing = 0;
		};
		3C5E99832ADAC3B700EE4394 /* Sources */ = {
			isa = PBXSourcesBuildPhase;
			buildActionMask = 2147483647;
			files = (
				3C5E998C2ADAC3B700EE4394 /* AudioToTextPlayerTests.swift in Sources */,
			);
			runOnlyForDeploymentPostprocessing = 0;
		};
		3C5E998D2ADAC3B700EE4394 /* Sources */ = {
			isa = PBXSourcesBuildPhase;
			buildActionMask = 2147483647;
			files = (
				3C5E99982ADAC3B800EE4394 /* AudioToTextPlayerUITestsLaunchTests.swift in Sources */,
				3C5E99962ADAC3B800EE4394 /* AudioToTextPlayerUITests.swift in Sources */,
			);
			runOnlyForDeploymentPostprocessing = 0;
		};
/* End PBXSourcesBuildPhase section */

/* Begin PBXTargetDependency section */
		3C5E99892ADAC3B700EE4394 /* PBXTargetDependency */ = {
			isa = PBXTargetDependency;
			target = 3C5E99752ADAC3B500EE4394 /* AudioToTextPlayer */;
			targetProxy = 3C5E99882ADAC3B700EE4394 /* PBXContainerItemProxy */;
		};
		3C5E99932ADAC3B700EE4394 /* PBXTargetDependency */ = {
			isa = PBXTargetDependency;
			target = 3C5E99752ADAC3B500EE4394 /* AudioToTextPlayer */;
			targetProxy = 3C5E99922ADAC3B700EE4394 /* PBXContainerItemProxy */;
		};
/* End PBXTargetDependency section */

/* Begin XCBuildConfiguration section */
		3C5E99992ADAC3B800EE4394 /* Debug */ = {
			isa = XCBuildConfiguration;
			buildSettings = {
				ALWAYS_SEARCH_USER_PATHS = NO;
				ASSETCATALOG_COMPILER_GENERATE_SWIFT_ASSET_SYMBOL_EXTENSIONS = YES;
				CLANG_ANALYZER_NONNULL = YES;
				CLANG_ANALYZER_NUMBER_OBJECT_CONVERSION = YES_AGGRESSIVE;
				CLANG_CXX_LANGUAGE_STANDARD = "gnu++20";
				CLANG_ENABLE_MODULES = YES;
				CLANG_ENABLE_OBJC_ARC = YES;
				CLANG_ENABLE_OBJC_WEAK = YES;
				CLANG_WARN_BLOCK_CAPTURE_AUTORELEASING = YES;
				CLANG_WARN_BOOL_CONVERSION = YES;
				CLANG_WARN_COMMA = YES;
				CLANG_WARN_CONSTANT_CONVERSION = YES;
				CLANG_WARN_DEPRECATED_OBJC_IMPLEMENTATIONS = YES;
				CLANG_WARN_DIRECT_OBJC_ISA_USAGE = YES_ERROR;
				CLANG_WARN_DOCUMENTATION_COMMENTS = YES;
				CLANG_WARN_EMPTY_BODY = YES;
				CLANG_WARN_ENUM_CONVERSION = YES;
				CLANG_WARN_INFINITE_RECURSION = YES;
				CLANG_WARN_INT_CONVERSION = YES;
				CLANG_WARN_NON_LITERAL_NULL_CONVERSION = YES;
				CLANG_WARN_OBJC_IMPLICIT_RETAIN_SELF = YES;
				CLANG_WARN_OBJC_LITERAL_CONVERSION = YES;
				CLANG_WARN_OBJC_ROOT_CLASS = YES_ERROR;
				CLANG_WARN_QUOTED_INCLUDE_IN_FRAMEWORK_HEADER = YES;
				CLANG_WARN_RANGE_LOOP_ANALYSIS = YES;
				CLANG_WARN_STRICT_PROTOTYPES = YES;
				CLANG_WARN_SUSPICIOUS_MOVE = YES;
				CLANG_WARN_UNGUARDED_AVAILABILITY = YES_AGGRESSIVE;
				CLANG_WARN_UNREACHABLE_CODE = YES;
				CLANG_WARN__DUPLICATE_METHOD_MATCH = YES;
				COPY_PHASE_STRIP = NO;
				DEBUG_INFORMATION_FORMAT = dwarf;
				ENABLE_STRICT_OBJC_MSGSEND = YES;
				ENABLE_TESTABILITY = YES;
				ENABLE_USER_SCRIPT_SANDBOXING = YES;
				GCC_C_LANGUAGE_STANDARD = gnu17;
				GCC_DYNAMIC_NO_PIC = NO;
				GCC_NO_COMMON_BLOCKS = YES;
				GCC_OPTIMIZATION_LEVEL = 0;
				GCC_PREPROCESSOR_DEFINITIONS = (
					"DEBUG=1",
					"$(inherited)",
				);
				GCC_WARN_64_TO_32_BIT_CONVERSION = YES;
				GCC_WARN_ABOUT_RETURN_TYPE = YES_ERROR;
				GCC_WARN_UNDECLARED_SELECTOR = YES;
				GCC_WARN_UNINITIALIZED_AUTOS = YES_AGGRESSIVE;
				GCC_WARN_UNUSED_FUNCTION = YES;
				GCC_WARN_UNUSED_VARIABLE = YES;
				LOCALIZATION_PREFERS_STRING_CATALOGS = YES;
				MTL_ENABLE_DEBUG_INFO = INCLUDE_SOURCE;
				MTL_FAST_MATH = YES;
				ONLY_ACTIVE_ARCH = YES;
				SWIFT_ACTIVE_COMPILATION_CONDITIONS = "DEBUG $(inherited)";
				SWIFT_OPTIMIZATION_LEVEL = "-Onone";
			};
			name = Debug;
		};
		3C5E999A2ADAC3B800EE4394 /* Release */ = {
			isa = XCBuildConfiguration;
			buildSettings = {
				ALWAYS_SEARCH_USER_PATHS = NO;
				ASSETCATALOG_COMPILER_GENERATE_SWIFT_ASSET_SYMBOL_EXTENSIONS = YES;
				CLANG_ANALYZER_NONNULL = YES;
				CLANG_ANALYZER_NUMBER_OBJECT_CONVERSION = YES_AGGRESSIVE;
				CLANG_CXX_LANGUAGE_STANDARD = "gnu++20";
				CLANG_ENABLE_MODULES = YES;
				CLANG_ENABLE_OBJC_ARC = YES;
				CLANG_ENABLE_OBJC_WEAK = YES;
				CLANG_WARN_BLOCK_CAPTURE_AUTORELEASING = YES;
				CLANG_WARN_BOOL_CONVERSION = YES;
				CLANG_WARN_COMMA = YES;
				CLANG_WARN_CONSTANT_CONVERSION = YES;
				CLANG_WARN_DEPRECATED_OBJC_IMPLEMENTATIONS = YES;
				CLANG_WARN_DIRECT_OBJC_ISA_USAGE = YES_ERROR;
				CLANG_WARN_DOCUMENTATION_COMMENTS = YES;
				CLANG_WARN_EMPTY_BODY = YES;
				CLANG_WARN_ENUM_CONVERSION = YES;
				CLANG_WARN_INFINITE_RECURSION = YES;
				CLANG_WARN_INT_CONVERSION = YES;
				CLANG_WARN_NON_LITERAL_NULL_CONVERSION = YES;
				CLANG_WARN_OBJC_IMPLICIT_RETAIN_SELF = YES;
				CLANG_WARN_OBJC_LITERAL_CONVERSION = YES;
				CLANG_WARN_OBJC_ROOT_CLASS = YES_ERROR;
				CLANG_WARN_QUOTED_INCLUDE_IN_FRAMEWORK_HEADER = YES;
				CLANG_WARN_RANGE_LOOP_ANALYSIS = YES;
				CLANG_WARN_STRICT_PROTOTYPES = YES;
				CLANG_WARN_SUSPICIOUS_MOVE = YES;
				CLANG_WARN_UNGUARDED_AVAILABILITY = YES_AGGRESSIVE;
				CLANG_WARN_UNREACHABLE_CODE = YES;
				CLANG_WARN__DUPLICATE_METHOD_MATCH = YES;
				COPY_PHASE_STRIP = NO;
				DEBUG_INFORMATION_FORMAT = "dwarf-with-dsym";
				ENABLE_NS_ASSERTIONS = NO;
				ENABLE_STRICT_OBJC_MSGSEND = YES;
				ENABLE_USER_SCRIPT_SANDBOXING = YES;
				GCC_C_LANGUAGE_STANDARD = gnu17;
				GCC_NO_COMMON_BLOCKS = YES;
				GCC_WARN_64_TO_32_BIT_CONVERSION = YES;
				GCC_WARN_ABOUT_RETURN_TYPE = YES_ERROR;
				GCC_WARN_UNDECLARED_SELECTOR = YES;
				GCC_WARN_UNINITIALIZED_AUTOS = YES_AGGRESSIVE;
				GCC_WARN_UNUSED_FUNCTION = YES;
				GCC_WARN_UNUSED_VARIABLE = YES;
				LOCALIZATION_PREFERS_STRING_CATALOGS = YES;
				MTL_ENABLE_DEBUG_INFO = NO;
				MTL_FAST_MATH = YES;
				SWIFT_COMPILATION_MODE = wholemodule;
			};
			name = Release;
		};
		3C5E999C2ADAC3B800EE4394 /* Debug */ = {
			isa = XCBuildConfiguration;
			buildSettings = {
				ASSETCATALOG_COMPILER_APPICON_NAME = AppIcon;
				ASSETCATALOG_COMPILER_GLOBAL_ACCENT_COLOR_NAME = AccentColor;
				CODE_SIGN_ENTITLEMENTS = AudioToTextPlayer/AudioToTextPlayer.entitlements;
				CODE_SIGN_STYLE = Automatic;
				CURRENT_PROJECT_VERSION = 1;
				DEVELOPMENT_ASSET_PATHS = "\"AudioToTextPlayer/Preview Content\"";
				DEVELOPMENT_TEAM = X7ZCGTWN8T;
				ENABLE_HARDENED_RUNTIME = YES;
				ENABLE_PREVIEWS = YES;
				GENERATE_INFOPLIST_FILE = YES;
				"INFOPLIST_KEY_UIApplicationSceneManifest_Generation[sdk=iphoneos*]" = YES;
				"INFOPLIST_KEY_UIApplicationSceneManifest_Generation[sdk=iphonesimulator*]" = YES;
				"INFOPLIST_KEY_UIApplicationSupportsIndirectInputEvents[sdk=iphoneos*]" = YES;
				"INFOPLIST_KEY_UIApplicationSupportsIndirectInputEvents[sdk=iphonesimulator*]" = YES;
				"INFOPLIST_KEY_UILaunchScreen_Generation[sdk=iphoneos*]" = YES;
				"INFOPLIST_KEY_UILaunchScreen_Generation[sdk=iphonesimulator*]" = YES;
				"INFOPLIST_KEY_UIStatusBarStyle[sdk=iphoneos*]" = UIStatusBarStyleDefault;
				"INFOPLIST_KEY_UIStatusBarStyle[sdk=iphonesimulator*]" = UIStatusBarStyleDefault;
				INFOPLIST_KEY_UISupportedInterfaceOrientations_iPad = "UIInterfaceOrientationPortrait UIInterfaceOrientationPortraitUpsideDown UIInterfaceOrientationLandscapeLeft UIInterfaceOrientationLandscapeRight";
				INFOPLIST_KEY_UISupportedInterfaceOrientations_iPhone = "UIInterfaceOrientationPortrait UIInterfaceOrientationLandscapeLeft UIInterfaceOrientationLandscapeRight";
				IPHONEOS_DEPLOYMENT_TARGET = 17.0;
				LD_RUNPATH_SEARCH_PATHS = "@executable_path/Frameworks";
				"LD_RUNPATH_SEARCH_PATHS[sdk=macosx*]" = "@executable_path/../Frameworks";
				MACOSX_DEPLOYMENT_TARGET = 13.6;
				MARKETING_VERSION = 1.0;
				PRODUCT_BUNDLE_IDENTIFIER = com.iankoex.AudioToTextPlayer;
				PRODUCT_NAME = "$(TARGET_NAME)";
				SDKROOT = auto;
				SUPPORTED_PLATFORMS = "iphoneos iphonesimulator macosx";
				SWIFT_EMIT_LOC_STRINGS = YES;
				SWIFT_VERSION = 5.0;
				TARGETED_DEVICE_FAMILY = "1,2";
			};
			name = Debug;
		};
		3C5E999D2ADAC3B800EE4394 /* Release */ = {
			isa = XCBuildConfiguration;
			buildSettings = {
				ASSETCATALOG_COMPILER_APPICON_NAME = AppIcon;
				ASSETCATALOG_COMPILER_GLOBAL_ACCENT_COLOR_NAME = AccentColor;
				CODE_SIGN_ENTITLEMENTS = AudioToTextPlayer/AudioToTextPlayer.entitlements;
				CODE_SIGN_STYLE = Automatic;
				CURRENT_PROJECT_VERSION = 1;
				DEVELOPMENT_ASSET_PATHS = "\"AudioToTextPlayer/Preview Content\"";
				DEVELOPMENT_TEAM = X7ZCGTWN8T;
				ENABLE_HARDENED_RUNTIME = YES;
				ENABLE_PREVIEWS = YES;
				GENERATE_INFOPLIST_FILE = YES;
				"INFOPLIST_KEY_UIApplicationSceneManifest_Generation[sdk=iphoneos*]" = YES;
				"INFOPLIST_KEY_UIApplicationSceneManifest_Generation[sdk=iphonesimulator*]" = YES;
				"INFOPLIST_KEY_UIApplicationSupportsIndirectInputEvents[sdk=iphoneos*]" = YES;
				"INFOPLIST_KEY_UIApplicationSupportsIndirectInputEvents[sdk=iphonesimulator*]" = YES;
				"INFOPLIST_KEY_UILaunchScreen_Generation[sdk=iphoneos*]" = YES;
				"INFOPLIST_KEY_UILaunchScreen_Generation[sdk=iphonesimulator*]" = YES;
				"INFOPLIST_KEY_UIStatusBarStyle[sdk=iphoneos*]" = UIStatusBarStyleDefault;
				"INFOPLIST_KEY_UIStatusBarStyle[sdk=iphonesimulator*]" = UIStatusBarStyleDefault;
				INFOPLIST_KEY_UISupportedInterfaceOrientations_iPad = "UIInterfaceOrientationPortrait UIInterfaceOrientationPortraitUpsideDown UIInterfaceOrientationLandscapeLeft UIInterfaceOrientationLandscapeRight";
				INFOPLIST_KEY_UISupportedInterfaceOrientations_iPhone = "UIInterfaceOrientationPortrait UIInterfaceOrientationLandscapeLeft UIInterfaceOrientationLandscapeRight";
				IPHONEOS_DEPLOYMENT_TARGET = 17.0;
				LD_RUNPATH_SEARCH_PATHS = "@executable_path/Frameworks";
				"LD_RUNPATH_SEARCH_PATHS[sdk=macosx*]" = "@executable_path/../Frameworks";
				MACOSX_DEPLOYMENT_TARGET = 13.6;
				MARKETING_VERSION = 1.0;
				PRODUCT_BUNDLE_IDENTIFIER = com.iankoex.AudioToTextPlayer;
				PRODUCT_NAME = "$(TARGET_NAME)";
				SDKROOT = auto;
				SUPPORTED_PLATFORMS = "iphoneos iphonesimulator macosx";
				SWIFT_EMIT_LOC_STRINGS = YES;
				SWIFT_VERSION = 5.0;
				TARGETED_DEVICE_FAMILY = "1,2";
			};
			name = Release;
		};
		3C5E999F2ADAC3B800EE4394 /* Debug */ = {
			isa = XCBuildConfiguration;
			buildSettings = {
				ALWAYS_EMBED_SWIFT_STANDARD_LIBRARIES = YES;
				BUNDLE_LOADER = "$(TEST_HOST)";
				CODE_SIGN_STYLE = Automatic;
				CURRENT_PROJECT_VERSION = 1;
				DEVELOPMENT_TEAM = X7ZCGTWN8T;
				GENERATE_INFOPLIST_FILE = YES;
				IPHONEOS_DEPLOYMENT_TARGET = 17.0;
				MACOSX_DEPLOYMENT_TARGET = 13.6;
				MARKETING_VERSION = 1.0;
				PRODUCT_BUNDLE_IDENTIFIER = com.iankoex.AudioToTextPlayerTests;
				PRODUCT_NAME = "$(TARGET_NAME)";
				SDKROOT = auto;
				SUPPORTED_PLATFORMS = "iphoneos iphonesimulator macosx";
				SWIFT_EMIT_LOC_STRINGS = NO;
				SWIFT_VERSION = 5.0;
				TARGETED_DEVICE_FAMILY = "1,2";
				TEST_HOST = "$(BUILT_PRODUCTS_DIR)/AudioToTextPlayer.app/$(BUNDLE_EXECUTABLE_FOLDER_PATH)/AudioToTextPlayer";
			};
			name = Debug;
		};
		3C5E99A02ADAC3B800EE4394 /* Release */ = {
			isa = XCBuildConfiguration;
			buildSettings = {
				ALWAYS_EMBED_SWIFT_STANDARD_LIBRARIES = YES;
				BUNDLE_LOADER = "$(TEST_HOST)";
				CODE_SIGN_STYLE = Automatic;
				CURRENT_PROJECT_VERSION = 1;
				DEVELOPMENT_TEAM = X7ZCGTWN8T;
				GENERATE_INFOPLIST_FILE = YES;
				IPHONEOS_DEPLOYMENT_TARGET = 17.0;
				MACOSX_DEPLOYMENT_TARGET = 13.6;
				MARKETING_VERSION = 1.0;
				PRODUCT_BUNDLE_IDENTIFIER = com.iankoex.AudioToTextPlayerTests;
				PRODUCT_NAME = "$(TARGET_NAME)";
				SDKROOT = auto;
				SUPPORTED_PLATFORMS = "iphoneos iphonesimulator macosx";
				SWIFT_EMIT_LOC_STRINGS = NO;
				SWIFT_VERSION = 5.0;
				TARGETED_DEVICE_FAMILY = "1,2";
				TEST_HOST = "$(BUILT_PRODUCTS_DIR)/AudioToTextPlayer.app/$(BUNDLE_EXECUTABLE_FOLDER_PATH)/AudioToTextPlayer";
			};
			name = Release;
		};
		3C5E99A22ADAC3B800EE4394 /* Debug */ = {
			isa = XCBuildConfiguration;
			buildSettings = {
				ALWAYS_EMBED_SWIFT_STANDARD_LIBRARIES = YES;
				CODE_SIGN_STYLE = Automatic;
				CURRENT_PROJECT_VERSION = 1;
				DEVELOPMENT_TEAM = X7ZCGTWN8T;
				GENERATE_INFOPLIST_FILE = YES;
				IPHONEOS_DEPLOYMENT_TARGET = 17.0;
				MACOSX_DEPLOYMENT_TARGET = 13.6;
				MARKETING_VERSION = 1.0;
				PRODUCT_BUNDLE_IDENTIFIER = com.iankoex.AudioToTextPlayerUITests;
				PRODUCT_NAME = "$(TARGET_NAME)";
				SDKROOT = auto;
				SUPPORTED_PLATFORMS = "iphoneos iphonesimulator macosx";
				SWIFT_EMIT_LOC_STRINGS = NO;
				SWIFT_VERSION = 5.0;
				TARGETED_DEVICE_FAMILY = "1,2";
				TEST_TARGET_NAME = AudioToTextPlayer;
			};
			name = Debug;
		};
		3C5E99A32ADAC3B800EE4394 /* Release */ = {
			isa = XCBuildConfiguration;
			buildSettings = {
				ALWAYS_EMBED_SWIFT_STANDARD_LIBRARIES = YES;
				CODE_SIGN_STYLE = Automatic;
				CURRENT_PROJECT_VERSION = 1;
				DEVELOPMENT_TEAM = X7ZCGTWN8T;
				GENERATE_INFOPLIST_FILE = YES;
				IPHONEOS_DEPLOYMENT_TARGET = 17.0;
				MACOSX_DEPLOYMENT_TARGET = 13.6;
				MARKETING_VERSION = 1.0;
				PRODUCT_BUNDLE_IDENTIFIER = com.iankoex.AudioToTextPlayerUITests;
				PRODUCT_NAME = "$(TARGET_NAME)";
				SDKROOT = auto;
				SUPPORTED_PLATFORMS = "iphoneos iphonesimulator macosx";
				SWIFT_EMIT_LOC_STRINGS = NO;
				SWIFT_VERSION = 5.0;
				TARGETED_DEVICE_FAMILY = "1,2";
				TEST_TARGET_NAME = AudioToTextPlayer;
			};
			name = Release;
		};
/* End XCBuildConfiguration section */

/* Begin XCConfigurationList section */
		3C5E99712ADAC3B500EE4394 /* Build configuration list for PBXProject "AudioToTextPlayer" */ = {
			isa = XCConfigurationList;
			buildConfigurations = (
				3C5E99992ADAC3B800EE4394 /* Debug */,
				3C5E999A2ADAC3B800EE4394 /* Release */,
			);
			defaultConfigurationIsVisible = 0;
			defaultConfigurationName = Release;
		};
		3C5E999B2ADAC3B800EE4394 /* Build configuration list for PBXNativeTarget "AudioToTextPlayer" */ = {
			isa = XCConfigurationList;
			buildConfigurations = (
				3C5E999C2ADAC3B800EE4394 /* Debug */,
				3C5E999D2ADAC3B800EE4394 /* Release */,
			);
			defaultConfigurationIsVisible = 0;
			defaultConfigurationName = Release;
		};
		3C5E999E2ADAC3B800EE4394 /* Build configuration list for PBXNativeTarget "AudioToTextPlayerTests" */ = {
			isa = XCConfigurationList;
			buildConfigurations = (
				3C5E999F2ADAC3B800EE4394 /* Debug */,
				3C5E99A02ADAC3B800EE4394 /* Release */,
			);
			defaultConfigurationIsVisible = 0;
			defaultConfigurationName = Release;
		};
		3C5E99A12ADAC3B800EE4394 /* Build configuration list for PBXNativeTarget "AudioToTextPlayerUITests" */ = {
			isa = XCConfigurationList;
			buildConfigurations = (
				3C5E99A22ADAC3B800EE4394 /* Debug */,
				3C5E99A32ADAC3B800EE4394 /* Release */,
			);
			defaultConfigurationIsVisible = 0;
			defaultConfigurationName = Release;
		};
/* End XCConfigurationList section */
	};
	rootObject = 3C5E996E2ADAC3B500EE4394 /* Project object */;
}
